
Microsoft Visual Studio Solution File, Format Version 12.00
# Visual Studio Version 16
VisualStudioVersion = 16.0.32510.428
MinimumVisualStudioVersion = 10.0.40219.1
Project("{FAE04EC0-301F-11D3-BF4B-00C04F79EFBC}") = "PracticeWebApi", "PracticeWebApi.csproj", "{1D13B393-0F38-4CAC-894F-324F930565A9}"
EndProject
Global
	GlobalSection(SolutionConfigurationPlatforms) = preSolution
		Debug|Any CPU = Debug|Any CPU
		Release|Any CPU = Release|Any CPU
	EndGlobalSection
	GlobalSection(ProjectConfigurationPlatforms) = postSolution
		{1D13B393-0F38-4CAC-894F-324F930565A9}.Debug|Any CPU.ActiveCfg = Debug|Any CPU
		{1D13B393-0F38-4CAC-894F-324F930565A9}.Debug|Any CPU.Build.0 = Debug|Any CPU
		{1D13B393-0F38-4CAC-894F-324F930565A9}.Release|Any CPU.ActiveCfg = Release|Any CPU
		{1D13B393-0F38-4CAC-894F-324F930565A9}.Release|Any CPU.Build.0 = Release|Any CPU
	EndGlobalSection
	GlobalSection(SolutionProperties) = preSolution
		HideSolutionNode = FALSE
	EndGlobalSection
	GlobalSection(ExtensibilityGlobals) = postSolution
		SolutionGuid = {0AE1D7CC-F902-48A7-897B-92A94C4D6CED}
	EndGlobalSection
EndGlobal
